
Microsoft Visual Studio Solution File, Format Version 12.00
# Visual Studio Version 17
VisualStudioVersion = 17.6.33712.159
MinimumVisualStudioVersion = 10.0.40219.1
Project("{9A19103F-16F7-4668-BE54-9A1E7A4F7556}") = "YoutubeViewers.WPF", "YoutubeViewers.WPF\YoutubeViewers.WPF.csproj", "{50E2E5C9-6158-429D-A90E-F89D9F5549B0}"
EndProject
Project("{FAE04EC0-301F-11D3-BF4B-00C04F79EFBC}") = "YoutubeViewers.EntityFramework", "YoutubeViewers.EntityFramework\YoutubeViewers.EntityFramework.csproj", "{ABD9F585-0345-4A9A-BB36-DD70DF6EDA52}"
EndProject
Project("{FAE04EC0-301F-11D3-BF4B-00C04F79EFBC}") = "YoutubeViewers.Domain", "YoutubeViewers.Domain\YoutubeViewers.Domain.csproj", "{7A14200D-D662-47CA-BC70-0968DA4248DC}"
EndProject
Global
	GlobalSection(SolutionConfigurationPlatforms) = preSolution
		Debug|Any CPU = Debug|Any CPU
		Release|Any CPU = Release|Any CPU
	EndGlobalSection
	GlobalSection(ProjectConfigurationPlatforms) = postSolution
		{50E2E5C9-6158-429D-A90E-F89D9F5549B0}.Debug|Any CPU.ActiveCfg = Debug|Any CPU
		{50E2E5C9-6158-429D-A90E-F89D9F5549B0}.Debug|Any CPU.Build.0 = Debug|Any CPU
		{50E2E5C9-6158-429D-A90E-F89D9F5549B0}.Release|Any CPU.ActiveCfg = Release|Any CPU
		{50E2E5C9-6158-429D-A90E-F89D9F5549B0}.Release|Any CPU.Build.0 = Release|Any CPU
		{ABD9F585-0345-4A9A-BB36-DD70DF6EDA52}.Debug|Any CPU.ActiveCfg = Debug|Any CPU
		{ABD9F585-0345-4A9A-BB36-DD70DF6EDA52}.Debug|Any CPU.Build.0 = Debug|Any CPU
		{ABD9F585-0345-4A9A-BB36-DD70DF6EDA52}.Release|Any CPU.ActiveCfg = Release|Any CPU
		{ABD9F585-0345-4A9A-BB36-DD70DF6EDA52}.Release|Any CPU.Build.0 = Release|Any CPU
		{7A14200D-D662-47CA-BC70-0968DA4248DC}.Debug|Any CPU.ActiveCfg = Debug|Any CPU
		{7A14200D-D662-47CA-BC70-0968DA4248DC}.Debug|Any CPU.Build.0 = Debug|Any CPU
		{7A14200D-D662-47CA-BC70-0968DA4248DC}.Release|Any CPU.ActiveCfg = Release|Any CPU
		{7A14200D-D662-47CA-BC70-0968DA4248DC}.Release|Any CPU.Build.0 = Release|Any CPU
	EndGlobalSection
	GlobalSection(SolutionProperties) = preSolution
		HideSolutionNode = FALSE
	EndGlobalSection
	GlobalSection(ExtensibilityGlobals) = postSolution
		SolutionGuid = {C40D7275-07E7-47C8-9BF2-169C7A0E29FE}
	EndGlobalSection
EndGlobal
